// !$*UTF8*$!
{
	archiveVersion = 1;
	classes = {
	};
	objectVersion = 77;
	objects = {

/* Begin PBXContainerItemProxy section */
		D472A3502FF902B200E9361C /* PBXContainerItemProxy */ = {
			isa = PBXContainerItemProxy;
			containerPortal = D472A33A2FF902AF00E9361C /* Project object */;
			proxyType = 1;
			remoteGlobalIDString = D472A3412FF902AF00E9361C;
			remoteInfo = GitHubActionsBootcamp;
		};
		D472A35A2FF902B200E9361C /* PBXContainerItemProxy */ = {
			isa = PBXContainerItemProxy;
			containerPortal = D472A33A2FF902AF00E9361C /* Project object */;
			proxyType = 1;
			remoteGlobalIDString = D472A3412FF902AF00E9361C;
			remoteInfo = GitHubActionsBootcamp;
		};
/* End PBXContainerItemProxy section */

/* Begin PBXFileReference section */
		D472A3422FF902AF00E9361C /* GitHubActionsBootcamp.app */ = {isa = PBXFileReference; explicitFileType = wrapper.application; includeInIndex = 0; path = GitHubActionsBootcamp.app; sourceTree = BUILT_PRODUCTS_DIR; };
		D472A34F2FF902B200E9361C /* GitHubActionsBootcampTests.xctest */ = {isa = PBXFileReference; explicitFileType = wrapper.cfbundle; includeInIndex = 0; path = GitHubActionsBootcampTests.xctest; sourceTree = BUILT_PRODUCTS_DIR; };
		D472A3592FF902B200E9361C /* GitHubActionsBootcampUITests.xctest */ = {isa = PBXFileReference; explicitFileType = wrapper.cfbundle; includeInIndex = 0; path = GitHubActionsBootcampUITests.xctest; sourceTree = BUILT_PRODUCTS_DIR; };
/* End PBXFileReference section */

/* Begin PBXFileSystemSynchronizedRootGroup section */
		D472A3442FF902AF00E9361C /* GitHubActionsBootcamp */ = {
			isa = PBXFileSystemSynchronizedRootGroup;
			path = GitHubActionsBootcamp;
			sourceTree = "<group>";
		};
		D472A3522FF902B200E9361C /* GitHubActionsBootcampTests */ = {
			isa = PBXFileSystemSynchronizedRootGroup;
			path = GitHubActionsBootcampTests;
			sourceTree = "<group>";
		};
		D472A35C2FF902B200E9361C /* GitHubActionsBootcampUITests */ = {
			isa = PBXFileSystemSynchronizedRootGroup;
			path = GitHubActionsBootcampUITests;
			sourceTree = "<group>";
		};
/* End PBXFileSystemSynchronizedRootGroup section */

/* Begin PBXFrameworksBuildPhase section */
		D472A33F2FF902AF00E9361C /* Frameworks */ = {
			isa = PBXFrameworksBuildPhase;
			buildActionMask = 2147483647;
			files = (
			);
			runOnlyForDeploymentPostprocessing = 0;
		};
		D472A34C2FF902B200E9361C /* Frameworks */ = {
			isa = PBXFrameworksBuildPhase;
			buildActionMask = 2147483647;
			files = (
			);
			runOnlyForDeploymentPostprocessing = 0;
		};
		D472A3562FF902B200E9361C /* Frameworks */ = {
			isa = PBXFrameworksBuildPhase;
			buildActionMask = 2147483647;
			files = (
			);
			runOnlyForDeploymentPostprocessing = 0;
		};
/* End PBXFrameworksBuildPhase section */

/* Begin PBXGroup section */
		D472A3392FF902AF00E9361C = {
			isa = PBXGroup;
			children = (
				D472A3442FF902AF00E9361C /* GitHubActionsBootcamp */,
				D472A3522FF902B200E9361C /* GitHubActionsBootcampTests */,
				D472A35C2FF902B200E9361C /* GitHubActionsBootcampUITests */,
				D472A3432FF902AF00E9361C /* Products */,
			);
			sourceTree = "<group>";
		};
		D472A3432FF902AF00E9361C /* Products */ = {
			isa = PBXGroup;
			children = (
				D472A3422FF902AF00E9361C /* GitHubActionsBootcamp.app */,
				D472A34F2FF902B200E9361C /* GitHubActionsBootcampTests.xctest */,
				D472A3592FF902B200E9361C /* GitHubActionsBootcampUITests.xctest */,
			);
			name = Products;
			sourceTree = "<group>";
		};
/* End PBXGroup section */

/* Begin PBXNativeTarget section */
		D472A3412FF902AF00E9361C /* GitHubActionsBootcamp */ = {
			isa = PBXNativeTarget;
			buildConfigurationList = D472A3632FF902B200E9361C /* Build configuration list for PBXNativeTarget "GitHubActionsBootcamp" */;
			buildPhases = (
				D472A33E2FF902AF00E9361C /* Sources */,
				D472A33F2FF902AF00E9361C /* Frameworks */,
				D472A3402FF902AF00E9361C /* Resources */,
			);
			buildRules = (
			);
			dependencies = (
			);
			fileSystemSynchronizedGroups = (
				D472A3442FF902AF00E9361C /* GitHubActionsBootcamp */,
			);
			name = GitHubActionsBootcamp;
			packageProductDependencies = (
			);
			productName = GitHubActionsBootcamp;
			productReference = D472A3422FF902AF00E9361C /* GitHubActionsBootcamp.app */;
			productType = "com.apple.product-type.application";
		};
		D472A34E2FF902B200E9361C /* GitHubActionsBootcampTests */ = {
			isa = PBXNativeTarget;
			buildConfigurationList = D472A3662FF902B200E9361C /* Build configuration list for PBXNativeTarget "GitHubActionsBootcampTests" */;
			buildPhases = (
				D472A34B2FF902B200E9361C /* Sources */,
				D472A34C2FF902B200E9361C /* Frameworks */,
				D472A34D2FF902B200E9361C /* Resources */,
			);
			buildRules = (
			);
			dependencies = (
				D472A3512FF902B200E9361C /* PBXTargetDependency */,
			);
			fileSystemSynchronizedGroups = (
				D472A3522FF902B200E9361C /* GitHubActionsBootcampTests */,
			);
			name = GitHubActionsBootcampTests;
			packageProductDependencies = (
			);
			productName = GitHubActionsBootcampTests;
			productReference = D472A34F2FF902B200E9361C /* GitHubActionsBootcampTests.xctest */;
			productType = "com.apple.product-type.bundle.unit-test";
		};
		D472A3582FF902B200E9361C /* GitHubActionsBootcampUITests */ = {
			isa = PBXNativeTarget;
			buildConfigurationList = D472A3692FF902B200E9361C /* Build configuration list for PBXNativeTarget "GitHubActionsBootcampUITests" */;
			buildPhases = (
				D472A3552FF902B200E9361C /* Sources */,
				D472A3562FF902B200E9361C /* Frameworks */,
				D472A3572FF902B200E9361C /* Resources */,
			);
			buildRules = (
			);
			dependencies = (
				D472A35B2FF902B200E9361C /* PBXTargetDependency */,
			);
			fileSystemSynchronizedGroups = (
				D472A35C2FF902B200E9361C /* GitHubActionsBootcampUITests */,
			);
			name = GitHubActionsBootcampUITests;
			packageProductDependencies = (
			);
			productName = GitHubActionsBootcampUITests;
			productReference = D472A3592FF902B200E9361C /* GitHubActionsBootcampUITests.xctest */;
			productType = "com.apple.product-type.bundle.ui-testing";
		};
/* End PBXNativeTarget section */

/* Begin PBXProject section */
		D472A33A2FF902AF00E9361C /* Project object */ = {
			isa = PBXProject;
			attributes = {
				BuildIndependentTargetsInParallel = 1;
				LastSwiftUpdateCheck = 2620;
				LastUpgradeCheck = 2620;
				TargetAttributes = {
					D472A3412FF902AF00E9361C = {
						CreatedOnToolsVersion = 26.2;
					};
					D472A34E2FF902B200E9361C = {
						CreatedOnToolsVersion = 26.2;
						TestTargetID = D472A3412FF902AF00E9361C;
					};
					D472A3582FF902B200E9361C = {
						CreatedOnToolsVersion = 26.2;
						TestTargetID = D472A3412FF902AF00E9361C;
					};
				};
			};
			buildConfigurationList = D472A33D2FF902AF00E9361C /* Build configuration list for PBXProject "GitHubActionsBootcamp" */;
			developmentRegion = en;
			hasScannedForEncodings = 0;
			knownRegions = (
				en,
				Base,
			);
			mainGroup = D472A3392FF902AF00E9361C;
			minimizedProjectReferenceProxies = 1;
			preferredProjectObjectVersion = 77;
			productRefGroup = D472A3432FF902AF00E9361C /* Products */;
			projectDirPath = "";
			projectRoot = "";
			targets = (
				D472A3412FF902AF00E9361C /* GitHubActionsBootcamp */,
				D472A34E2FF902B200E9361C /* GitHubActionsBootcampTests */,
				D472A3582FF902B200E9361C /* GitHubActionsBootcampUITests */,
			);
		};
/* End PBXProject section */

/* Begin PBXResourcesBuildPhase section */
		D472A3402FF902AF00E9361C /* Resources */ = {
			isa = PBXResourcesBuildPhase;
			buildActionMask = 2147483647;
			files = (
			);
			runOnlyForDeploymentPostprocessing = 0;
		};
		D472A34D2FF902B200E9361C /* Resources */ = {
			isa = PBXResourcesBuildPhase;
			buildActionMask = 2147483647;
			files = (
			);
			runOnlyForDeploymentPostprocessing = 0;
		};
		D472A3572FF902B200E9361C /* Resources */ = {
			isa = PBXResourcesBuildPhase;
			buildActionMask = 2147483647;
			files = (
			);
			runOnlyForDeploymentPostprocessing = 0;
		};
/* End PBXResourcesBuildPhase section */

/* Begin PBXSourcesBuildPhase section */
		D472A33E2FF902AF00E9361C /* Sources */ = {
			isa = PBXSourcesBuildPhase;
			buildActionMask = 2147483647;
			files = (
			);
			runOnlyForDeploymentPostprocessing = 0;
		};
		D472A34B2FF902B200E9361C /* Sources */ = {
			isa = PBXSourcesBuildPhase;
			buildActionMask = 2147483647;
			files = (
			);
			runOnlyForDeploymentPostprocessing = 0;
		};
		D472A3552FF902B200E9361C /* Sources */ = {
			isa = PBXSourcesBuildPhase;
			buildActionMask = 2147483647;
			files = (
			);
			runOnlyForDeploymentPostprocessing = 0;
		};
/* End PBXSourcesBuildPhase section */

/* Begin PBXTargetDependency section */
		D472A3512FF902B200E9361C /* PBXTargetDependency */ = {
			isa = PBXTargetDependency;
			target = D472A3412FF902AF00E9361C /* GitHubActionsBootcamp */;
			targetProxy = D472A3502FF902B200E9361C /* PBXContainerItemProxy */;
		};
		D472A35B2FF902B200E9361C /* PBXTargetDependency */ = {
			isa = PBXTargetDependency;
			target = D472A3412FF902AF00E9361C /* GitHubActionsBootcamp */;
			targetProxy = D472A35A2FF902B200E9361C /* PBXContainerItemProxy */;
		};
/* End PBXTargetDependency section */

/* Begin XCBuildConfiguration section */
		D472A3612FF902B200E9361C /* Debug */ = {
			isa = XCBuildConfiguration;
			buildSettings = {
				ALWAYS_SEARCH_USER_PATHS = NO;
				ASSETCATALOG_COMPILER_GENERATE_SWIFT_ASSET_SYMBOL_EXTENSIONS = YES;
				CLANG_ANALYZER_NONNULL = YES;
				CLANG_ANALYZER_NUMBER_OBJECT_CONVERSION = YES_AGGRESSIVE;
				CLANG_CXX_LANGUAGE_STANDARD = "gnu++20";
				CLANG_ENABLE_MODULES = YES;
				CLANG_ENABLE_OBJC_ARC = YES;
				CLANG_ENABLE_OBJC_WEAK = YES;
				CLANG_WARN_BLOCK_CAPTURE_AUTORELEASING = YES;
				CLANG_WARN_BOOL_CONVERSION = YES;
				CLANG_WARN_COMMA = YES;
				CLANG_WARN_CONSTANT_CONVERSION = YES;
				CLANG_WARN_DEPRECATED_OBJC_IMPLEMENTATIONS = YES;
				CLANG_WARN_DIRECT_OBJC_ISA_USAGE = YES_ERROR;
				CLANG_WARN_DOCUMENTATION_COMMENTS = YES;
				CLANG_WARN_EMPTY_BODY = YES;
				CLANG_WARN_ENUM_CONVERSION = YES;
				CLANG_WARN_INFINITE_RECURSION = YES;
				CLANG_WARN_INT_CONVERSION = YES;
				CLANG_WARN_NON_LITERAL_NULL_CONVERSION = YES;
				CLANG_WARN_OBJC_IMPLICIT_RETAIN_SELF = YES;
				CLANG_WARN_OBJC_LITERAL_CONVERSION = YES;
				CLANG_WARN_OBJC_ROOT_CLASS = YES_ERROR;
				CLANG_WARN_QUOTED_INCLUDE_IN_FRAMEWORK_HEADER = YES;
				CLANG_WARN_RANGE_LOOP_ANALYSIS = YES;
				CLANG_WARN_STRICT_PROTOTYPES = YES;
				CLANG_WARN_SUSPICIOUS_MOVE = YES;
				CLANG_WARN_UNGUARDED_AVAILABILITY = YES_AGGRESSIVE;
				CLANG_WARN_UNREACHABLE_CODE = YES;
				CLANG_WARN__DUPLICATE_METHOD_MATCH = YES;
				COPY_PHASE_STRIP = NO;
				DEBUG_INFORMATION_FORMAT = dwarf;
				DEVELOPMENT_TEAM = CEE6TR2ZHF;
				ENABLE_STRICT_OBJC_MSGSEND = YES;
				ENABLE_TESTABILITY = YES;
				ENABLE_USER_SCRIPT_SANDBOXING = YES;
				GCC_C_LANGUAGE_STANDARD = gnu17;
				GCC_DYNAMIC_NO_PIC = NO;
				GCC_NO_COMMON_BLOCKS = YES;
				GCC_OPTIMIZATION_LEVEL = 0;
				GCC_PREPROCESSOR_DEFINITIONS = (
					"DEBUG=1",
					"$(inherited)",
				);
				GCC_WARN_64_TO_32_BIT_CONVERSION = YES;
				GCC_WARN_ABOUT_RETURN_TYPE = YES_ERROR;
				GCC_WARN_UNDECLARED_SELECTOR = YES;
				GCC_WARN_UNINITIALIZED_AUTOS = YES_AGGRESSIVE;
				GCC_WARN_UNUSED_FUNCTION = YES;
				GCC_WARN_UNUSED_VARIABLE = YES;
				IPHONEOS_DEPLOYMENT_TARGET = 26.2;
				LOCALIZATION_PREFERS_STRING_CATALOGS = YES;
				MTL_ENABLE_DEBUG_INFO = INCLUDE_SOURCE;
				MTL_FAST_MATH = YES;
				ONLY_ACTIVE_ARCH = YES;
				SDKROOT = iphoneos;
				SWIFT_ACTIVE_COMPILATION_CONDITIONS = "DEBUG $(inherited)";
				SWIFT_OPTIMIZATION_LEVEL = "-Onone";
			};
			name = Debug;
		};
		D472A3622FF902B200E9361C /* Release */ = {
			isa = XCBuildConfiguration;
			buildSettings = {
				ALWAYS_SEARCH_USER_PATHS = NO;
				ASSETCATALOG_COMPILER_GENERATE_SWIFT_ASSET_SYMBOL_EXTENSIONS = YES;
				CLANG_ANALYZER_NONNULL = YES;
				CLANG_ANALYZER_NUMBER_OBJECT_CONVERSION = YES_AGGRESSIVE;
				CLANG_CXX_LANGUAGE_STANDARD = "gnu++20";
				CLANG_ENABLE_MODULES = YES;
				CLANG_ENABLE_OBJC_ARC = YES;
				CLANG_ENABLE_OBJC_WEAK = YES;
				CLANG_WARN_BLOCK_CAPTURE_AUTORELEASING = YES;
				CLANG_WARN_BOOL_CONVERSION = YES;
				CLANG_WARN_COMMA = YES;
				CLANG_WARN_CONSTANT_CONVERSION = YES;
				CLANG_WARN_DEPRECATED_OBJC_IMPLEMENTATIONS = YES;
				CLANG_WARN_DIRECT_OBJC_ISA_USAGE = YES_ERROR;
				CLANG_WARN_DOCUMENTATION_COMMENTS = YES;
				CLANG_WARN_EMPTY_BODY = YES;
				CLANG_WARN_ENUM_CONVERSION = YES;
				CLANG_WARN_INFINITE_RECURSION = YES;
				CLANG_WARN_INT_CONVERSION = YES;
				CLANG_WARN_NON_LITERAL_NULL_CONVERSION = YES;
				CLANG_WARN_OBJC_IMPLICIT_RETAIN_SELF = YES;
				CLANG_WARN_OBJC_LITERAL_CONVERSION = YES;
				CLANG_WARN_OBJC_ROOT_CLASS = YES_ERROR;
				CLANG_WARN_QUOTED_INCLUDE_IN_FRAMEWORK_HEADER = YES;
				CLANG_WARN_RANGE_LOOP_ANALYSIS = YES;
				CLANG_WARN_STRICT_PROTOTYPES = YES;
				CLANG_WARN_SUSPICIOUS_MOVE = YES;
				CLANG_WARN_UNGUARDED_AVAILABILITY = YES_AGGRESSIVE;
				CLANG_WARN_UNREACHABLE_CODE = YES;
				CLANG_WARN__DUPLICATE_METHOD_MATCH = YES;
				COPY_PHASE_STRIP = NO;
				DEBUG_INFORMATION_FORMAT = "dwarf-with-dsym";
				DEVELOPMENT_TEAM = CEE6TR2ZHF;
				ENABLE_NS_ASSERTIONS = NO;
				ENABLE_STRICT_OBJC_MSGSEND = YES;
				ENABLE_USER_SCRIPT_SANDBOXING = YES;
				GCC_C_LANGUAGE_STANDARD = gnu17;
				GCC_NO_COMMON_BLOCKS = YES;
				GCC_WARN_64_TO_32_BIT_CONVERSION = YES;
				GCC_WARN_ABOUT_RETURN_TYPE = YES_ERROR;
				GCC_WARN_UNDECLARED_SELECTOR = YES;
				GCC_WARN_UNINITIALIZED_AUTOS = YES_AGGRESSIVE;
				GCC_WARN_UNUSED_FUNCTION = YES;
				GCC_WARN_UNUSED_VARIABLE = YES;
				IPHONEOS_DEPLOYMENT_TARGET = 26.2;
				LOCALIZATION_PREFERS_STRING_CATALOGS = YES;
				MTL_ENABLE_DEBUG_INFO = NO;
				MTL_FAST_MATH = YES;
				SDKROOT = iphoneos;
				SWIFT_COMPILATION_MODE = wholemodule;
				VALIDATE_PRODUCT = YES;
			};
			name = Release;
		};
		D472A3642FF902B200E9361C /* Debug */ = {
			isa = XCBuildConfiguration;
			buildSettings = {
				ASSETCATALOG_COMPILER_APPICON_NAME = AppIcon;
				ASSETCATALOG_COMPILER_GLOBAL_ACCENT_COLOR_NAME = AccentColor;
				CODE_SIGN_STYLE = Automatic;
				CURRENT_PROJECT_VERSION = 1;
				DEVELOPMENT_TEAM = CEE6TR2ZHF;
				ENABLE_PREVIEWS = YES;
				GENERATE_INFOPLIST_FILE = YES;
				INFOPLIST_KEY_UIApplicationSceneManifest_Generation = YES;
				INFOPLIST_KEY_UIApplicationSupportsIndirectInputEvents = YES;
				INFOPLIST_KEY_UILaunchScreen_Generation = YES;
				INFOPLIST_KEY_UISupportedInterfaceOrientations_iPad = "UIInterfaceOrientationPortrait UIInterfaceOrientationPortraitUpsideDown UIInterfaceOrientationLandscapeLeft UIInterfaceOrientationLandscapeRight";
				INFOPLIST_KEY_UISupportedInterfaceOrientations_iPhone = "UIInterfaceOrientationPortrait UIInterfaceOrientationLandscapeLeft UIInterfaceOrientationLandscapeRight";
				LD_RUNPATH_SEARCH_PATHS = (
					"$(inherited)",
					"@executable_path/Frameworks",
				);
				MARKETING_VERSION = 1.0;
				PRODUCT_BUNDLE_IDENTIFIER = com.ranbijay.GitHubActionsBootcamp;
				PRODUCT_NAME = "$(TARGET_NAME)";
				STRING_CATALOG_GENERATE_SYMBOLS = YES;
				SWIFT_APPROACHABLE_CONCURRENCY = YES;
				SWIFT_DEFAULT_ACTOR_ISOLATION = MainActor;
				SWIFT_EMIT_LOC_STRINGS = YES;
				SWIFT_UPCOMING_FEATURE_MEMBER_IMPORT_VISIBILITY = YES;
				SWIFT_VERSION = 5.0;
				TARGETED_DEVICE_FAMILY = "1,2";
			};
			name = Debug;
		};
		D472A3652FF902B200E9361C /* Release */ = {
			isa = XCBuildConfiguration;
			buildSettings = {
				ASSETCATALOG_COMPILER_APPICON_NAME = AppIcon;
				ASSETCATALOG_COMPILER_GLOBAL_ACCENT_COLOR_NAME = AccentColor;
				CODE_SIGN_STYLE = Automatic;
				CURRENT_PROJECT_VERSION = 1;
				DEVELOPMENT_TEAM = CEE6TR2ZHF;
				ENABLE_PREVIEWS = YES;
				GENERATE_INFOPLIST_FILE = YES;
				INFOPLIST_KEY_UIApplicationSceneManifest_Generation = YES;
				INFOPLIST_KEY_UIApplicationSupportsIndirectInputEvents = YES;
				INFOPLIST_KEY_UILaunchScreen_Generation = YES;
				INFOPLIST_KEY_UISupportedInterfaceOrientations_iPad = "UIInterfaceOrientationPortrait UIInterfaceOrientationPortraitUpsideDown UIInterfaceOrientationLandscapeLeft UIInterfaceOrientationLandscapeRight";
				INFOPLIST_KEY_UISupportedInterfaceOrientations_iPhone = "UIInterfaceOrientationPortrait UIInterfaceOrientationLandscapeLeft UIInterfaceOrientationLandscapeRight";
				LD_RUNPATH_SEARCH_PATHS = (
					"$(inherited)",
					"@executable_path/Frameworks",
				);
				MARKETING_VERSION = 1.0;
				PRODUCT_BUNDLE_IDENTIFIER = com.ranbijay.GitHubActionsBootcamp;
				PRODUCT_NAME = "$(TARGET_NAME)";
				STRING_CATALOG_GENERATE_SYMBOLS = YES;
				SWIFT_APPROACHABLE_CONCURRENCY = YES;
				SWIFT_DEFAULT_ACTOR_ISOLATION = MainActor;
				SWIFT_EMIT_LOC_STRINGS = YES;
				SWIFT_UPCOMING_FEATURE_MEMBER_IMPORT_VISIBILITY = YES;
				SWIFT_VERSION = 5.0;
				TARGETED_DEVICE_FAMILY = "1,2";
			};
			name = Release;
		};
		D472A3672FF902B200E9361C /* Debug */ = {
			isa = XCBuildConfiguration;
			buildSettings = {
				BUNDLE_LOADER = "$(TEST_HOST)";
				CODE_SIGN_STYLE = Automatic;
				CURRENT_PROJECT_VERSION = 1;
				DEVELOPMENT_TEAM = CEE6TR2ZHF;
				GENERATE_INFOPLIST_FILE = YES;
				IPHONEOS_DEPLOYMENT_TARGET = 26.2;
				MARKETING_VERSION = 1.0;
				PRODUCT_BUNDLE_IDENTIFIER = com.ranbijay.GitHubActionsBootcampTests;
				PRODUCT_NAME = "$(TARGET_NAME)";
				STRING_CATALOG_GENERATE_SYMBOLS = NO;
				SWIFT_APPROACHABLE_CONCURRENCY = YES;
				SWIFT_EMIT_LOC_STRINGS = NO;
				SWIFT_UPCOMING_FEATURE_MEMBER_IMPORT_VISIBILITY = YES;
				SWIFT_VERSION = 5.0;
				TARGETED_DEVICE_FAMILY = "1,2";
				TEST_HOST = "$(BUILT_PRODUCTS_DIR)/GitHubActionsBootcamp.app/$(BUNDLE_EXECUTABLE_FOLDER_PATH)/GitHubActionsBootcamp";
			};
			name = Debug;
		};
		D472A3682FF902B200E9361C /* Release */ = {
			isa = XCBuildConfiguration;
			buildSettings = {
				BUNDLE_LOADER = "$(TEST_HOST)";
				CODE_SIGN_STYLE = Automatic;
				CURRENT_PROJECT_VERSION = 1;
				DEVELOPMENT_TEAM = CEE6TR2ZHF;
				GENERATE_INFOPLIST_FILE = YES;
				IPHONEOS_DEPLOYMENT_TARGET = 26.2;
				MARKETING_VERSION = 1.0;
				PRODUCT_BUNDLE_IDENTIFIER = com.ranbijay.GitHubActionsBootcampTests;
				PRODUCT_NAME = "$(TARGET_NAME)";
				STRING_CATALOG_GENERATE_SYMBOLS = NO;
				SWIFT_APPROACHABLE_CONCURRENCY = YES;
				SWIFT_EMIT_LOC_STRINGS = NO;
				SWIFT_UPCOMING_FEATURE_MEMBER_IMPORT_VISIBILITY = YES;
				SWIFT_VERSION = 5.0;
				TARGETED_DEVICE_FAMILY = "1,2";
				TEST_HOST = "$(BUILT_PRODUCTS_DIR)/GitHubActionsBootcamp.app/$(BUNDLE_EXECUTABLE_FOLDER_PATH)/GitHubActionsBootcamp";
			};
			name = Release;
		};
		D472A36A2FF902B200E9361C /* Debug */ = {
			isa = XCBuildConfiguration;
			buildSettings = {
				CODE_SIGN_STYLE = Automatic;
				CURRENT_PROJECT_VERSION = 1;
				DEVELOPMENT_TEAM = CEE6TR2ZHF;
				GENERATE_INFOPLIST_FILE = YES;
				MARKETING_VERSION = 1.0;
				PRODUCT_BUNDLE_IDENTIFIER = com.ranbijay.GitHubActionsBootcampUITests;
				PRODUCT_NAME = "$(TARGET_NAME)";
				STRING_CATALOG_GENERATE_SYMBOLS = NO;
				SWIFT_APPROACHABLE_CONCURRENCY = YES;
				SWIFT_EMIT_LOC_STRINGS = NO;
				SWIFT_UPCOMING_FEATURE_MEMBER_IMPORT_VISIBILITY = YES;
				SWIFT_VERSION = 5.0;
				TARGETED_DEVICE_FAMILY = "1,2";
				TEST_TARGET_NAME = GitHubActionsBootcamp;
			};
			name = Debug;
		};
		D472A36B2FF902B200E9361C /* Release */ = {
			isa = XCBuildConfiguration;
			buildSettings = {
				CODE_SIGN_STYLE = Automatic;
				CURRENT_PROJECT_VERSION = 1;
				DEVELOPMENT_TEAM = CEE6TR2ZHF;
				GENERATE_INFOPLIST_FILE = YES;
				MARKETING_VERSION = 1.0;
				PRODUCT_BUNDLE_IDENTIFIER = com.ranbijay.GitHubActionsBootcampUITests;
				PRODUCT_NAME = "$(TARGET_NAME)";
				STRING_CATALOG_GENERATE_SYMBOLS = NO;
				SWIFT_APPROACHABLE_CONCURRENCY = YES;
				SWIFT_EMIT_LOC_STRINGS = NO;
				SWIFT_UPCOMING_FEATURE_MEMBER_IMPORT_VISIBILITY = YES;
				SWIFT_VERSION = 5.0;
				TARGETED_DEVICE_FAMILY = "1,2";
				TEST_TARGET_NAME = GitHubActionsBootcamp;
			};
			name = Release;
		};
/* End XCBuildConfiguration section */

/* Begin XCConfigurationList section */
		D472A33D2FF902AF00E9361C /* Build configuration list for PBXProject "GitHubActionsBootcamp" */ = {
			isa = XCConfigurationList;
			buildConfigurations = (
				D472A3612FF902B200E9361C /* Debug */,
				D472A3622FF902B200E9361C /* Release */,
			);
			defaultConfigurationIsVisible = 0;
			defaultConfigurationName = Release;
		};
		D472A3632FF902B200E9361C /* Build configuration list for PBXNativeTarget "GitHubActionsBootcamp" */ = {
			isa = XCConfigurationList;
			buildConfigurations = (
				D472A3642FF902B200E9361C /* Debug */,
				D472A3652FF902B200E9361C /* Release */,
			);
			defaultConfigurationIsVisible = 0;
			defaultConfigurationName = Release;
		};
		D472A3662FF902B200E9361C /* Build configuration list for PBXNativeTarget "GitHubActionsBootcampTests" */ = {
			isa = XCConfigurationList;
			buildConfigurations = (
				D472A3672FF902B200E9361C /* Debug */,
				D472A3682FF902B200E9361C /* Release */,
			);
			defaultConfigurationIsVisible = 0;
			defaultConfigurationName = Release;
		};
		D472A3692FF902B200E9361C /* Build configuration list for PBXNativeTarget "GitHubActionsBootcampUITests" */ = {
			isa = XCConfigurationList;
			buildConfigurations = (
				D472A36A2FF902B200E9361C /* Debug */,
				D472A36B2FF902B200E9361C /* Release */,
			);
			defaultConfigurationIsVisible = 0;
			defaultConfigurationName = Release;
		};
/* End XCConfigurationList section */
	};
	rootObject = D472A33A2FF902AF00E9361C /* Project object */;
}
